
Microsoft Visual Studio Solution File, Format Version 12.00
# Visual Studio 15
VisualStudioVersion = 15.0.33026.149
MinimumVisualStudioVersion = 10.0.40219.1
Project("{FAE04EC0-301F-11D3-BF4B-00C04F79EFBC}") = "Journal", "Journal\Journal.csproj", "{C0B643C5-CB4B-4492-9FC3-48F2F302945D}"
EndProject
Global
	GlobalSection(SolutionConfigurationPlatforms) = preSolution
		Debug|Any CPU = Debug|Any CPU
		Release|Any CPU = Release|Any CPU
	EndGlobalSection
	GlobalSection(ProjectConfigurationPlatforms) = postSolution
		{C0B643C5-CB4B-4492-9FC3-48F2F302945D}.Debug|Any CPU.ActiveCfg = Debug|Any CPU
		{C0B643C5-CB4B-4492-9FC3-48F2F302945D}.Debug|Any CPU.Build.0 = Debug|Any CPU
		{C0B643C5-CB4B-4492-9FC3-48F2F302945D}.Release|Any CPU.ActiveCfg = Release|Any CPU
		{C0B643C5-CB4B-4492-9FC3-48F2F302945D}.Release|Any CPU.Build.0 = Release|Any CPU
	EndGlobalSection
	GlobalSection(SolutionProperties) = preSolution
		HideSolutionNode = FALSE
	EndGlobalSection
	GlobalSection(ExtensibilityGlobals) = postSolution
		SolutionGuid = {A0B42A3D-A298-4F50-BC3D-BF2527ECC1BD}
	EndGlobalSection
EndGlobal
